
Microsoft Visual Studio Solution File, Format Version 12.00
# Visual Studio 14
VisualStudioVersion = 14.0.23107.0
MinimumVisualStudioVersion = 10.0.40219.1
Project("{FAE04EC0-301F-11D3-BF4B-00C04F79EFBC}") = "PBank", "PBank\PBank.csproj", "{CA023718-2C5F-4218-80D1-E5556BE61BE6}"
EndProject
Project("{FAE04EC0-301F-11D3-BF4B-00C04F79EFBC}") = "PBank.Business", "PBank.Business\PBank.Business.csproj", "{C95B984E-EFEC-4E5C-B789-C75B660CD6FE}"
EndProject
Project("{FAE04EC0-301F-11D3-BF4B-00C04F79EFBC}") = "PBank.Tests", "PBank.Tests\PBank.Tests.csproj", "{C5EC4648-F252-4866-863B-222D610AD417}"
EndProject
Global
	GlobalSection(SolutionConfigurationPlatforms) = preSolution
		Debug|Any CPU = Debug|Any CPU
		Release|Any CPU = Release|Any CPU
	EndGlobalSection
	GlobalSection(ProjectConfigurationPlatforms) = postSolution
		{CA023718-2C5F-4218-80D1-E5556BE61BE6}.Debug|Any CPU.ActiveCfg = Debug|Any CPU
		{CA023718-2C5F-4218-80D1-E5556BE61BE6}.Debug|Any CPU.Build.0 = Debug|Any CPU
		{CA023718-2C5F-4218-80D1-E5556BE61BE6}.Release|Any CPU.ActiveCfg = Release|Any CPU
		{CA023718-2C5F-4218-80D1-E5556BE61BE6}.Release|Any CPU.Build.0 = Release|Any CPU
		{C95B984E-EFEC-4E5C-B789-C75B660CD6FE}.Debug|Any CPU.ActiveCfg = Debug|Any CPU
		{C95B984E-EFEC-4E5C-B789-C75B660CD6FE}.Debug|Any CPU.Build.0 = Debug|Any CPU
		{C95B984E-EFEC-4E5C-B789-C75B660CD6FE}.Release|Any CPU.ActiveCfg = Release|Any CPU
		{C95B984E-EFEC-4E5C-B789-C75B660CD6FE}.Release|Any CPU.Build.0 = Release|Any CPU
		{C5EC4648-F252-4866-863B-222D610AD417}.Debug|Any CPU.ActiveCfg = Debug|Any CPU
		{C5EC4648-F252-4866-863B-222D610AD417}.Debug|Any CPU.Build.0 = Debug|Any CPU
		{C5EC4648-F252-4866-863B-222D610AD417}.Release|Any CPU.ActiveCfg = Release|Any CPU
		{C5EC4648-F252-4866-863B-222D610AD417}.Release|Any CPU.Build.0 = Release|Any CPU
	EndGlobalSection
	GlobalSection(SolutionProperties) = preSolution
		HideSolutionNode = FALSE
	EndGlobalSection
EndGlobal
